// !$*UTF8*$!
{
	archiveVersion = 1;
	classes = {
	};
	objectVersion = 46;
	objects = {

/* Begin PBXBuildFile section */
		13192694BAD089A474F44F95 /* Foundation.framework */ = {isa = PBXBuildFile; fileRef = 616565408FBE5D0F22E75FFB; };
		1F8339FBDE3DE3E738A88318 /* DiscRecording.framework */ = {isa = PBXBuildFile; fileRef = AB50CE653FF1194DCF66810D; };
		25ED85D8EBE8B8EBF1802248 /* include_juce_audio_processors_ara.cpp */ = {isa = PBXBuildFile; fileRef = E5CAF0928BF5576B7F1F75BB; };
		297A1797B253A42AB4DC5E9D /* include_juce_events.mm */ = {isa = PBXBuildFile; fileRef = 3459E18C47E7468511810DA9; };
		37866A8FF30DD09158574B17 /* include_juce_gui_basics.mm */ = {isa = PBXBuildFile; fileRef = 03DEE978651571F16D6F4BDB; };
		38E67CAC785BC66ADBEC7003 /* CoreAudio.framework */ = {isa = PBXBuildFile; fileRef = 7224CFBE55789F7E9B4243EB; };
		4230D7ABAD336FB54F679C1E /* Accelerate.framework */ = {isa = PBXBuildFile; fileRef = D3591412FAC0A1FE8AA2B634; };
		665941E021FA7EBC95095CBA /* include_juce_graphics.mm */ = {isa = PBXBuildFile; fileRef = FD6F128E6E14C46CA217A26B; };
		698746A7E7E8710CE2DFB897 /* Main.cpp */ = {isa = PBXBuildFile; fileRef = D7601447DD84698C2CC55A9B; };
		6A07276C7A8285A281281E10 /* CoreAudioKit.framework */ = {isa = PBXBuildFile; fileRef = EEC6CC5DA62872474A5062DB; };
		6CE9F4213169255F3083EBC9 /* include_juce_gui_extra.mm */ = {isa = PBXBuildFile; fileRef = B1A46AAB0D67C5821812D890; };
		71AADB88C62341E99F26348D /* AudioToolbox.framework */ = {isa = PBXBuildFile; fileRef = CC8AE66E6063564D862B9815; };
		72B31B422F5AFAC0E928328E /* Cocoa.framework */ = {isa = PBXBuildFile; fileRef = 1C09FE16C0809E1420121961; };
		74697239ACA0071988418181 /* App */ = {isa = PBXBuildFile; fileRef = D65C6D132AD08B36A4B10DB5; };
		7479B9358586A163D46CD8AE /* include_juce_audio_processors_lv2_libs.cpp */ = {isa = PBXBuildFile; fileRef = D9C84001181FB3FAE3A8FD67; };
		75D0D75CD788308AD6289CB1 /* include_juce_core.mm */ = {isa = PBXBuildFile; fileRef = EE0FE55525929AB7D5ED5D42; };
		92265D49B8684D16E7C28084 /* include_juce_audio_processors.mm */ = {isa = PBXBuildFile; fileRef = 9E5DFCDB47534887514BDDD6; };
		93AA30A987D00AC3221613D4 /* QuartzCore.framework */ = {isa = PBXBuildFile; fileRef = 6FFB60A5FF6C86EF7DD4F7C5; };
		A0B2934C7C7B99D28E45301D /* include_juce_audio_formats.mm */ = {isa = PBXBuildFile; fileRef = 8CDC261149411B9EF978049B; };
		A6CE0E17B8D0BA16124FFEA5 /* include_juce_audio_basics.mm */ = {isa = PBXBuildFile; fileRef = D0378F3428211107F996BC23; };
		A961F6487BF4CF168F896DDF /* include_juce_audio_devices.mm */ = {isa = PBXBuildFile; fileRef = 3FB5F07526EC7BDF28BAF6F6; };
		A9E637FA143F68FBB7249E29 /* MainComponent.cpp */ = {isa = PBXBuildFile; fileRef = 663E3E30E7F4F5446DDC1172; };
		B1D7836AEFE0CD94AC2A4315 /* include_juce_audio_utils.mm */ = {isa = PBXBuildFile; fileRef = E6BA1C50ACDAC1E066717266; };
		C7F16E2EB932857CF0937693 /* CoreMIDI.framework */ = {isa = PBXBuildFile; fileRef = 04E597B6DA9F8D0F76EFCCC1; };
		CF7AAD311F89F2EF4A0F0595 /* IOKit.framework */ = {isa = PBXBuildFile; fileRef = A2E2DAF7AFA8D12253290A9D; };
		D5D7B89E385F434D4AD99863 /* include_juce_data_structures.mm */ = {isa = PBXBuildFile; fileRef = E053609F418D4A425AFD6255; };
		D94503C8470FAB3ABAA3C0C0 /* Security.framework */ = {isa = PBXBuildFile; fileRef = D7CC92A10AE4DAAAF931D4BA; };
		DA809EF3192D693B1AFB7B26 /* RecentFilesMenuTemplate.nib */ = {isa = PBXBuildFile; fileRef = 8214DE4CCC11C43E43EFEBBA; };
		E37035A9E7F09F0F8CFFEAE3 /* WebKit.framework */ = {isa = PBXBuildFile; fileRef = 10DA04A694278F37B277DA46; };
/* End PBXBuildFile section */

/* Begin PBXFileReference section */
		03DEE978651571F16D6F4BDB /* include_juce_gui_basics.mm */ /* include_juce_gui_basics.mm */ = {isa = PBXFileReference; lastKnownFileType = sourcecode.cpp.objcpp; name = include_juce_gui_basics.mm; path = ../../JuceLibraryCode/include_juce_gui_basics.mm; sourceTree = SOURCE_ROOT; };
		04E597B6DA9F8D0F76EFCCC1 /* CoreMIDI.framework */ /* CoreMIDI.framework */ = {isa = PBXFileReference; lastKnownFileType = wrapper.framework; name = CoreMIDI.framework; path = System/Library/Frameworks/CoreMIDI.framework; sourceTree = SDKROOT; };
		063A27D9DF57A6A78094EB61 /* juce_core */ /* juce_core */ = {isa = PBXFileReference; lastKnownFileType = folder; name = juce_core; path = /Applications/JUCE/modules/juce_core; sourceTree = "<absolute>"; };
		10DA04A694278F37B277DA46 /* WebKit.framework */ /* WebKit.framework */ = {isa = PBXFileReference; lastKnownFileType = wrapper.framework; name = WebKit.framework; path = System/Library/Frameworks/WebKit.framework; sourceTree = SDKROOT; };
		1C09FE16C0809E1420121961 /* Cocoa.framework */ /* Cocoa.framework */ = {isa = PBXFileReference; lastKnownFileType = wrapper.framework; name = Cocoa.framework; path = System/Library/Frameworks/Cocoa.framework; sourceTree = SDKROOT; };
		1F5EFDCCDCE47432268DCED7 /* juce_gui_extra */ /* juce_gui_extra */ = {isa = PBXFileReference; lastKnownFileType = folder; name = juce_gui_extra; path = /Applications/JUCE/modules/juce_gui_extra; sourceTree = "<absolute>"; };
		3459E18C47E7468511810DA9 /* include_juce_events.mm */ /* include_juce_events.mm */ = {isa = PBXFileReference; lastKnownFileType = sourcecode.cpp.objcpp; name = include_juce_events.mm; path = ../../JuceLibraryCode/include_juce_events.mm; sourceTree = SOURCE_ROOT; };
		3B765AD729799636A0D10126 /* juce_graphics */ /* juce_graphics */ = {isa = PBXFileReference; lastKnownFileType = folder; name = juce_graphics; path = /Applications/JUCE/modules/juce_graphics; sourceTree = "<absolute>"; };
		3CA39DD626CB3A01E21823BC /* juce_audio_utils */ /* juce_audio_utils */ = {isa = PBXFileReference; lastKnownFileType = folder; name = juce_audio_utils; path = /Applications/JUCE/modules/juce_audio_utils; sourceTree = "<absolute>"; };
		3FB5F07526EC7BDF28BAF6F6 /* include_juce_audio_devices.mm */ /* include_juce_audio_devices.mm */ = {isa = PBXFileReference; lastKnownFileType = sourcecode.cpp.objcpp; name = include_juce_audio_devices.mm; path = ../../JuceLibraryCode/include_juce_audio_devices.mm; sourceTree = SOURCE_ROOT; };
		52041448410CED0FABE87669 /* juce_gui_basics */ /* juce_gui_basics */ = {isa = PBXFileReference; lastKnownFileType = folder; name = juce_gui_basics; path = /Applications/JUCE/modules/juce_gui_basics; sourceTree = "<absolute>"; };
		616565408FBE5D0F22E75FFB /* Foundation.framework */ /* Foundation.framework */ = {isa = PBXFileReference; lastKnownFileType = wrapper.framework; name = Foundation.framework; path = System/Library/Frameworks/Foundation.framework; sourceTree = SDKROOT; };
		663E3E30E7F4F5446DDC1172 /* MainComponent.cpp */ /* MainComponent.cpp */ = {isa = PBXFileReference; lastKnownFileType = sourcecode.cpp.cpp; name = MainComponent.cpp; path = ../../Source/MainComponent.cpp; sourceTree = SOURCE_ROOT; };
		6FFB60A5FF6C86EF7DD4F7C5 /* QuartzCore.framework */ /* QuartzCore.framework */ = {isa = PBXFileReference; lastKnownFileType = wrapper.framework; name = QuartzCore.framework; path = System/Library/Frameworks/QuartzCore.framework; sourceTree = SDKROOT; };
		7224CFBE55789F7E9B4243EB /* CoreAudio.framework */ /* CoreAudio.framework */ = {isa = PBXFileReference; lastKnownFileType = wrapper.framework; name = CoreAudio.framework; path = System/Library/Frameworks/CoreAudio.framework; sourceTree = SDKROOT; };
		7315E0215C819BB11C718082 /* Info-App.plist */ /* Info-App.plist */ = {isa = PBXFileReference; lastKnownFileType = text.plist.xml; name = "Info-App.plist"; path = "Info-App.plist"; sourceTree = SOURCE_ROOT; };
		8214DE4CCC11C43E43EFEBBA /* RecentFilesMenuTemplate.nib */ /* RecentFilesMenuTemplate.nib */ = {isa = PBXFileReference; lastKnownFileType = file.nib; name = RecentFilesMenuTemplate.nib; path = RecentFilesMenuTemplate.nib; sourceTree = SOURCE_ROOT; };
		8CDC261149411B9EF978049B /* include_juce_audio_formats.mm */ /* include_juce_audio_formats.mm */ = {isa = PBXFileReference; lastKnownFileType = sourcecode.cpp.objcpp; name = include_juce_audio_formats.mm; path = ../../JuceLibraryCode/include_juce_audio_formats.mm; sourceTree = SOURCE_ROOT; };
		8CF0D5528C32BB80FD5292BE /* juce_audio_processors */ /* juce_audio_processors */ = {isa = PBXFileReference; lastKnownFileType = folder; name = juce_audio_processors; path = /Applications/JUCE/modules/juce_audio_processors; sourceTree = "<absolute>"; };
		92606EBD79065E880ECDFABE /* MainComponent.h */ /* MainComponent.h */ = {isa = PBXFileReference; lastKnownFileType = sourcecode.c.h; name = MainComponent.h; path = ../../Source/MainComponent.h; sourceTree = SOURCE_ROOT; };
		92864D64533762B20024AC25 /* juce_data_structures */ /* juce_data_structures */ = {isa = PBXFileReference; lastKnownFileType = folder; name = juce_data_structures; path = /Applications/JUCE/modules/juce_data_structures; sourceTree = "<absolute>"; };
		9C10734788F494B1BBE671E4 /* juce_audio_formats */ /* juce_audio_formats */ = {isa = PBXFileReference; lastKnownFileType = folder; name = juce_audio_formats; path = /Applications/JUCE/modules/juce_audio_formats; sourceTree = "<absolute>"; };
		9E5DFCDB47534887514BDDD6 /* include_juce_audio_processors.mm */ /* include_juce_audio_processors.mm */ = {isa = PBXFileReference; lastKnownFileType = sourcecode.cpp.objcpp; name = include_juce_audio_processors.mm; path = ../../JuceLibraryCode/include_juce_audio_processors.mm; sourceTree = SOURCE_ROOT; };
		A2E2DAF7AFA8D12253290A9D /* IOKit.framework */ /* IOKit.framework */ = {isa = PBXFileReference; lastKnownFileType = wrapper.framework; name = IOKit.framework; path = System/Library/Frameworks/IOKit.framework; sourceTree = SDKROOT; };
		AB50CE653FF1194DCF66810D /* DiscRecording.framework */ /* DiscRecording.framework */ = {isa = PBXFileReference; lastKnownFileType = wrapper.framework; name = DiscRecording.framework; path = System/Library/Frameworks/DiscRecording.framework; sourceTree = SDKROOT; };
		B1A46AAB0D67C5821812D890 /* include_juce_gui_extra.mm */ /* include_juce_gui_extra.mm */ = {isa = PBXFileReference; lastKnownFileType = sourcecode.cpp.objcpp; name = include_juce_gui_extra.mm; path = ../../JuceLibraryCode/include_juce_gui_extra.mm; sourceTree = SOURCE_ROOT; };
		CAE2BCC31B2AEF7FD07D13C5 /* JuceHeader.h */ /* JuceHeader.h */ = {isa = PBXFileReference; lastKnownFileType = sourcecode.c.h; name = JuceHeader.h; path = ../../JuceLibraryCode/JuceHeader.h; sourceTree = SOURCE_ROOT; };
		CC8AE66E6063564D862B9815 /* AudioToolbox.framework */ /* AudioToolbox.framework */ = {isa = PBXFileReference; lastKnownFileType = wrapper.framework; name = AudioToolbox.framework; path = System/Library/Frameworks/AudioToolbox.framework; sourceTree = SDKROOT; };
		D0378F3428211107F996BC23 /* include_juce_audio_basics.mm */ /* include_juce_audio_basics.mm */ = {isa = PBXFileReference; lastKnownFileType = sourcecode.cpp.objcpp; name = include_juce_audio_basics.mm; path = ../../JuceLibraryCode/include_juce_audio_basics.mm; sourceTree = SOURCE_ROOT; };
		D3591412FAC0A1FE8AA2B634 /* Accelerate.framework */ /* Accelerate.framework */ = {isa = PBXFileReference; lastKnownFileType = wrapper.framework; name = Accelerate.framework; path = System/Library/Frameworks/Accelerate.framework; sourceTree = SDKROOT; };
		D65C6D132AD08B36A4B10DB5 /* App */ = {isa = PBXFileReference; explicitFileType = wrapper.application; includeInIndex = 0; path = "projucer-app.app"; sourceTree = BUILT_PRODUCTS_DIR; };
		D7601447DD84698C2CC55A9B /* Main.cpp */ /* Main.cpp */ = {isa = PBXFileReference; lastKnownFileType = sourcecode.cpp.cpp; name = Main.cpp; path = ../../Source/Main.cpp; sourceTree = SOURCE_ROOT; };
		D7CC92A10AE4DAAAF931D4BA /* Security.framework */ /* Security.framework */ = {isa = PBXFileReference; lastKnownFileType = wrapper.framework; name = Security.framework; path = System/Library/Frameworks/Security.framework; sourceTree = SDKROOT; };
		D8A960495371137FB427E268 /* juce_events */ /* juce_events */ = {isa = PBXFileReference; lastKnownFileType = folder; name = juce_events; path = /Applications/JUCE/modules/juce_events; sourceTree = "<absolute>"; };
		D9C84001181FB3FAE3A8FD67 /* include_juce_audio_processors_lv2_libs.cpp */ /* include_juce_audio_processors_lv2_libs.cpp */ = {isa = PBXFileReference; lastKnownFileType = sourcecode.cpp.cpp; name = include_juce_audio_processors_lv2_libs.cpp; path = ../../JuceLibraryCode/include_juce_audio_processors_lv2_libs.cpp; sourceTree = SOURCE_ROOT; };
		E022E4D9D310AC640FE919C2 /* juce_audio_basics */ /* juce_audio_basics */ = {isa = PBXFileReference; lastKnownFileType = folder; name = juce_audio_basics; path = /Applications/JUCE/modules/juce_audio_basics; sourceTree = "<absolute>"; };
		E053609F418D4A425AFD6255 /* include_juce_data_structures.mm */ /* include_juce_data_structures.mm */ = {isa = PBXFileReference; lastKnownFileType = sourcecode.cpp.objcpp; name = include_juce_data_structures.mm; path = ../../JuceLibraryCode/include_juce_data_structures.mm; sourceTree = SOURCE_ROOT; };
		E5CAF0928BF5576B7F1F75BB /* include_juce_audio_processors_ara.cpp */ /* include_juce_audio_processors_ara.cpp */ = {isa = PBXFileReference; lastKnownFileType = sourcecode.cpp.cpp; name = include_juce_audio_processors_ara.cpp; path = ../../JuceLibraryCode/include_juce_audio_processors_ara.cpp; sourceTree = SOURCE_ROOT; };
		E6BA1C50ACDAC1E066717266 /* include_juce_audio_utils.mm */ /* include_juce_audio_utils.mm */ = {isa = PBXFileReference; lastKnownFileType = sourcecode.cpp.objcpp; name = include_juce_audio_utils.mm; path = ../../JuceLibraryCode/include_juce_audio_utils.mm; sourceTree = SOURCE_ROOT; };
		E8640520810302EAD2608C1C /* juce_audio_devices */ /* juce_audio_devices */ = {isa = PBXFileReference; lastKnownFileType = folder; name = juce_audio_devices; path = /Applications/JUCE/modules/juce_audio_devices; sourceTree = "<absolute>"; };
		EE0FE55525929AB7D5ED5D42 /* include_juce_core.mm */ /* include_juce_core.mm */ = {isa = PBXFileReference; lastKnownFileType = sourcecode.cpp.objcpp; name = include_juce_core.mm; path = ../../JuceLibraryCode/include_juce_core.mm; sourceTree = SOURCE_ROOT; };
		EEC6CC5DA62872474A5062DB /* CoreAudioKit.framework */ /* CoreAudioKit.framework */ = {isa = PBXFileReference; lastKnownFileType = wrapper.framework; name = CoreAudioKit.framework; path = System/Library/Frameworks/CoreAudioKit.framework; sourceTree = SDKROOT; };
		FD6F128E6E14C46CA217A26B /* include_juce_graphics.mm */ /* include_juce_graphics.mm */ = {isa = PBXFileReference; lastKnownFileType = sourcecode.cpp.objcpp; name = include_juce_graphics.mm; path = ../../JuceLibraryCode/include_juce_graphics.mm; sourceTree = SOURCE_ROOT; };
/* End PBXFileReference section */

/* Begin PBXFrameworksBuildPhase section */
		810851015EB2DA11FFB76FF4 = {
			isa = PBXFrameworksBuildPhase;
			buildActionMask = 2147483647;
			files = (
				4230D7ABAD336FB54F679C1E,
				71AADB88C62341E99F26348D,
				72B31B422F5AFAC0E928328E,
				38E67CAC785BC66ADBEC7003,
				6A07276C7A8285A281281E10,
				C7F16E2EB932857CF0937693,
				1F8339FBDE3DE3E738A88318,
				13192694BAD089A474F44F95,
				CF7AAD311F89F2EF4A0F0595,
				93AA30A987D00AC3221613D4,
				D94503C8470FAB3ABAA3C0C0,
				E37035A9E7F09F0F8CFFEAE3,
			);
			runOnlyForDeploymentPostprocessing = 0;
		};
/* End PBXFrameworksBuildPhase section */

/* Begin PBXGroup section */
		0D966D502B98C36D6A0E37AA /* Source */ = {
			isa = PBXGroup;
			children = (
				16C3662F315AD14D03D078E0,
				6409BD925FF4B337FCB3ADEA,
				EAE8682ABD4AB9731AEF854D,
				31EFFF9D8D7C38EA1D70F84C,
				4A4D32D1FCCEE5B913C2C3F3,
				304826AA338798BAB831C095,
			);
			name = Source;
			sourceTree = "<group>";
		};
		16C3662F315AD14D03D078E0 /* projucer-app */ = {
			isa = PBXGroup;
			children = (
				9EB5297E8F2D4E278068B9AF,
			);
			name = "projucer-app";
			sourceTree = "<group>";
		};
		304826AA338798BAB831C095 /* Products */ = {
			isa = PBXGroup;
			children = (
				D65C6D132AD08B36A4B10DB5,
			);
			name = Products;
			sourceTree = "<group>";
		};
		31EFFF9D8D7C38EA1D70F84C /* Resources */ = {
			isa = PBXGroup;
			children = (
				7315E0215C819BB11C718082,
				8214DE4CCC11C43E43EFEBBA,
			);
			name = Resources;
			sourceTree = "<group>";
		};
		4A4D32D1FCCEE5B913C2C3F3 /* Frameworks */ = {
			isa = PBXGroup;
			children = (
				D3591412FAC0A1FE8AA2B634,
				CC8AE66E6063564D862B9815,
				1C09FE16C0809E1420121961,
				7224CFBE55789F7E9B4243EB,
				EEC6CC5DA62872474A5062DB,
				04E597B6DA9F8D0F76EFCCC1,
				AB50CE653FF1194DCF66810D,
				616565408FBE5D0F22E75FFB,
				A2E2DAF7AFA8D12253290A9D,
				6FFB60A5FF6C86EF7DD4F7C5,
				D7CC92A10AE4DAAAF931D4BA,
				10DA04A694278F37B277DA46,
			);
			name = Frameworks;
			sourceTree = "<group>";
		};
		6409BD925FF4B337FCB3ADEA /* JUCE Modules */ = {
			isa = PBXGroup;
			children = (
				E022E4D9D310AC640FE919C2,
				E8640520810302EAD2608C1C,
				9C10734788F494B1BBE671E4,
				8CF0D5528C32BB80FD5292BE,
				3CA39DD626CB3A01E21823BC,
				063A27D9DF57A6A78094EB61,
				92864D64533762B20024AC25,
				D8A960495371137FB427E268,
				3B765AD729799636A0D10126,
				52041448410CED0FABE87669,
				1F5EFDCCDCE47432268DCED7,
			);
			name = "JUCE Modules";
			sourceTree = "<group>";
		};
		9EB5297E8F2D4E278068B9AF /* Source */ = {
			isa = PBXGroup;
			children = (
				D7601447DD84698C2CC55A9B,
				92606EBD79065E880ECDFABE,
				663E3E30E7F4F5446DDC1172,
			);
			name = Source;
			sourceTree = "<group>";
		};
		EAE8682ABD4AB9731AEF854D /* JUCE Library Code */ = {
			isa = PBXGroup;
			children = (
				D0378F3428211107F996BC23,
				3FB5F07526EC7BDF28BAF6F6,
				8CDC261149411B9EF978049B,
				9E5DFCDB47534887514BDDD6,
				E5CAF0928BF5576B7F1F75BB,
				D9C84001181FB3FAE3A8FD67,
				E6BA1C50ACDAC1E066717266,
				EE0FE55525929AB7D5ED5D42,
				E053609F418D4A425AFD6255,
				3459E18C47E7468511810DA9,
				FD6F128E6E14C46CA217A26B,
				03DEE978651571F16D6F4BDB,
				B1A46AAB0D67C5821812D890,
				CAE2BCC31B2AEF7FD07D13C5,
			);
			name = "JUCE Library Code";
			sourceTree = "<group>";
		};
/* End PBXGroup section */

/* Begin PBXNativeTarget section */
		9C3F8415878424EBFFF65234 /* projucer-app - App */ = {
			isa = PBXNativeTarget;
			buildConfigurationList = AFCCDF42F5AE930CF740CB68;
			buildPhases = (
				6ECA4F4AE8E0E98AA031D135,
				A67E99E22A6B650A80EC0EBE,
				810851015EB2DA11FFB76FF4,
			);
			buildRules = (
			);
			dependencies = (
			);
			name = "projucer-app - App";
			productName = "projucer-app";
			productReference = D65C6D132AD08B36A4B10DB5;
			productType = "com.apple.product-type.application";
		};
/* End PBXNativeTarget section */

/* Begin PBXProject section */
		67702AE1C79331AE8ACC3BA1 = {
			isa = PBXProject;
			attributes = {
				LastUpgradeCheck = 1340;
				ORGANIZATIONNAME = "";
				TargetAttributes = {
					9C3F8415878424EBFFF65234 = {
						SystemCapabilities = {
							com.apple.ApplicationGroups.iOS = {
								enabled = 0;
							};
							com.apple.HardenedRuntime = {
								enabled = 0;
							};
							com.apple.InAppPurchase = {
								enabled = 0;
							};
							com.apple.InterAppAudio = {
								enabled = 0;
							};
							com.apple.Push = {
								enabled = 0;
							};
							com.apple.Sandbox = {
								enabled = 0;
							};
						};
					};
				};
			};
			buildConfigurationList = A92FAA894F9ED6408EB8CCA9;
			compatibilityVersion = "Xcode 3.2";
			hasScannedForEncodings = 0;
			knownRegions = (
				en,
				Base,
			);
			mainGroup = 0D966D502B98C36D6A0E37AA;
			projectDirPath = "";
			projectRoot = "";
			targets = (
				9C3F8415878424EBFFF65234,
			);
		};
/* End PBXProject section */

/* Begin PBXResourcesBuildPhase section */
		6ECA4F4AE8E0E98AA031D135 = {
			isa = PBXResourcesBuildPhase;
			buildActionMask = 2147483647;
			files = (
				DA809EF3192D693B1AFB7B26,
			);
			runOnlyForDeploymentPostprocessing = 0;
		};
/* End PBXResourcesBuildPhase section */

/* Begin PBXSourcesBuildPhase section */
		A67E99E22A6B650A80EC0EBE = {
			isa = PBXSourcesBuildPhase;
			buildActionMask = 2147483647;
			files = (
				698746A7E7E8710CE2DFB897,
				A9E637FA143F68FBB7249E29,
				A6CE0E17B8D0BA16124FFEA5,
				A961F6487BF4CF168F896DDF,
				A0B2934C7C7B99D28E45301D,
				92265D49B8684D16E7C28084,
				25ED85D8EBE8B8EBF1802248,
				7479B9358586A163D46CD8AE,
				B1D7836AEFE0CD94AC2A4315,
				75D0D75CD788308AD6289CB1,
				D5D7B89E385F434D4AD99863,
				297A1797B253A42AB4DC5E9D,
				665941E021FA7EBC95095CBA,
				37866A8FF30DD09158574B17,
				6CE9F4213169255F3083EBC9,
			);
			runOnlyForDeploymentPostprocessing = 0;
		};
/* End PBXSourcesBuildPhase section */

/* Begin XCBuildConfiguration section */
		577770F17E1E6AF3E64EB669 /* Debug */ = {
			isa = XCBuildConfiguration;
			buildSettings = {
				CLANG_CXX_LANGUAGE_STANDARD = "c++17";
				CLANG_CXX_LIBRARY = "libc++";
				CLANG_LINK_OBJC_RUNTIME = NO;
				COMBINE_HIDPI_IMAGES = YES;
				CONFIGURATION_BUILD_DIR = "$(PROJECT_DIR)/build/$(CONFIGURATION)";
				COPY_PHASE_STRIP = NO;
				EXCLUDED_ARCHS = "";
				GCC_DYNAMIC_NO_PIC = NO;
				GCC_OPTIMIZATION_LEVEL = 0;
				GCC_PREPROCESSOR_DEFINITIONS = (
					"_DEBUG=1",
					"DEBUG=1",
					"JUCE_DISPLAY_SPLASH_SCREEN=1",
					"JUCE_USE_DARK_SPLASH_SCREEN=1",
					"JUCE_PROJUCER_VERSION=0x70007",
					"JUCE_MODULE_AVAILABLE_juce_audio_basics=1",
					"JUCE_MODULE_AVAILABLE_juce_audio_devices=1",
					"JUCE_MODULE_AVAILABLE_juce_audio_formats=1",
					"JUCE_MODULE_AVAILABLE_juce_audio_processors=1",
					"JUCE_MODULE_AVAILABLE_juce_audio_utils=1",
					"JUCE_MODULE_AVAILABLE_juce_core=1",
					"JUCE_MODULE_AVAILABLE_juce_data_structures=1",
					"JUCE_MODULE_AVAILABLE_juce_events=1",
					"JUCE_MODULE_AVAILABLE_juce_graphics=1",
					"JUCE_MODULE_AVAILABLE_juce_gui_basics=1",
					"JUCE_MODULE_AVAILABLE_juce_gui_extra=1",
					"JUCE_GLOBAL_MODULE_SETTINGS_INCLUDED=1",
					"JUCE_STRICT_REFCOUNTEDPOINTER=1",
					"JUCE_STANDALONE_APPLICATION=1",
					"JUCER_XCODE_MAC_F6D2F4CF=1",
					"JUCE_APP_VERSION=1.0.0",
					"JUCE_APP_VERSION_HEX=0x10000",
					"JucePlugin_Build_VST=0",
					"JucePlugin_Build_VST3=0",
					"JucePlugin_Build_AU=0",
					"JucePlugin_Build_AUv3=0",
					"JucePlugin_Build_AAX=0",
					"JucePlugin_Build_Standalone=0",
					"JucePlugin_Build_Unity=0",
					"JucePlugin_Build_LV2=0",
				);
				GCC_VERSION = com.apple.compilers.llvm.clang.1_0;
				HEADER_SEARCH_PATHS = (
					"$(SRCROOT)/../../JuceLibraryCode",
					"/Applications/JUCE/modules",
					"$(inherited)",
				);
				INFOPLIST_FILE = Info-App.plist;
				INFOPLIST_PREPROCESS = NO;
				INSTALL_PATH = "$(HOME)/Applications";
				MACOSX_DEPLOYMENT_TARGET = 10.13;
				MTL_HEADER_SEARCH_PATHS = "$(SRCROOT)/../../JuceLibraryCode /Applications/JUCE/modules";
				OTHER_LDFLAGS = "-weak_framework Metal -weak_framework MetalKit";
				PRODUCT_BUNDLE_IDENTIFIER = com.yourcompany.projucerapp;
				PRODUCT_NAME = "projucer-app";
				USE_HEADERMAP = NO;
				VALID_ARCHS = "i386 x86_64 arm64 arm64e";
			};
			name = Debug;
		};
		73CE49FEDA802370D1BB836D /* Debug */ = {
			isa = XCBuildConfiguration;
			buildSettings = {
				ALWAYS_SEARCH_USER_PATHS = NO;
				CLANG_ENABLE_OBJC_WEAK = YES;
				CLANG_WARN_BLOCK_CAPTURE_AUTORELEASING = YES;
				CLANG_WARN_BOOL_CONVERSION = YES;
				CLANG_WARN_COMMA = YES;
				CLANG_WARN_CONSTANT_CONVERSION = YES;
				CLANG_WARN_DEPRECATED_OBJC_IMPLEMENTATIONS = YES;
				CLANG_WARN_EMPTY_BODY = YES;
				CLANG_WARN_ENUM_CONVERSION = YES;
				CLANG_WARN_INFINITE_RECURSION = YES;
				CLANG_WARN_INT_CONVERSION = YES;
				CLANG_WARN_NON_LITERAL_NULL_CONVERSION = YES;
				CLANG_WARN_OBJC_IMPLICIT_RETAIN_SELF = YES;
				CLANG_WARN_OBJC_LITERAL_CONVERSION = YES;
				CLANG_WARN_RANGE_LOOP_ANALYSIS = YES;
				CLANG_WARN_STRICT_PROTOTYPES = YES;
				CLANG_WARN_SUSPICIOUS_MOVE = YES;
				CLANG_WARN_UNREACHABLE_CODE = YES;
				CLANG_WARN__DUPLICATE_METHOD_MATCH = YES;
				DEBUG_INFORMATION_FORMAT = dwarf;
				ENABLE_STRICT_OBJC_MSGSEND = YES;
				ENABLE_TESTABILITY = NO;
				GCC_C_LANGUAGE_STANDARD = c11;
				GCC_INLINES_ARE_PRIVATE_EXTERN = YES;
				GCC_MODEL_TUNING = G5;
				GCC_NO_COMMON_BLOCKS = YES;
				GCC_SYMBOLS_PRIVATE_EXTERN = YES;
				GCC_WARN_64_TO_32_BIT_CONVERSION = YES;
				GCC_WARN_ABOUT_RETURN_TYPE = YES;
				GCC_WARN_CHECK_SWITCH_STATEMENTS = YES;
				GCC_WARN_MISSING_PARENTHESES = YES;
				GCC_WARN_NON_VIRTUAL_DESTRUCTOR = YES;
				GCC_WARN_TYPECHECK_CALLS_TO_PRINTF = YES;
				GCC_WARN_UNDECLARED_SELECTOR = YES;
				GCC_WARN_UNINITIALIZED_AUTOS = YES;
				GCC_WARN_UNUSED_FUNCTION = YES;
				GCC_WARN_UNUSED_VARIABLE = YES;
				ONLY_ACTIVE_ARCH = YES;
				PRODUCT_NAME = "projucer-app";
				SDKROOT = macosx;
				WARNING_CFLAGS = "-Wreorder";
				ZERO_LINK = NO;
			};
			name = Debug;
		};
		9F4BDFECD83CA89D965C8ACD /* Release */ = {
			isa = XCBuildConfiguration;
			buildSettings = {
				ALWAYS_SEARCH_USER_PATHS = NO;
				CLANG_ENABLE_OBJC_WEAK = YES;
				CLANG_WARN_BLOCK_CAPTURE_AUTORELEASING = YES;
				CLANG_WARN_BOOL_CONVERSION = YES;
				CLANG_WARN_COMMA = YES;
				CLANG_WARN_CONSTANT_CONVERSION = YES;
				CLANG_WARN_DEPRECATED_OBJC_IMPLEMENTATIONS = YES;
				CLANG_WARN_EMPTY_BODY = YES;
				CLANG_WARN_ENUM_CONVERSION = YES;
				CLANG_WARN_INFINITE_RECURSION = YES;
				CLANG_WARN_INT_CONVERSION = YES;
				CLANG_WARN_NON_LITERAL_NULL_CONVERSION = YES;
				CLANG_WARN_OBJC_IMPLICIT_RETAIN_SELF = YES;
				CLANG_WARN_OBJC_LITERAL_CONVERSION = YES;
				CLANG_WARN_RANGE_LOOP_ANALYSIS = YES;
				CLANG_WARN_STRICT_PROTOTYPES = YES;
				CLANG_WARN_SUSPICIOUS_MOVE = YES;
				CLANG_WARN_UNREACHABLE_CODE = YES;
				CLANG_WARN__DUPLICATE_METHOD_MATCH = YES;
				DEBUG_INFORMATION_FORMAT = dwarf;
				ENABLE_STRICT_OBJC_MSGSEND = YES;
				ENABLE_TESTABILITY = NO;
				GCC_C_LANGUAGE_STANDARD = c11;
				GCC_INLINES_ARE_PRIVATE_EXTERN = YES;
				GCC_MODEL_TUNING = G5;
				GCC_NO_COMMON_BLOCKS = YES;
				GCC_SYMBOLS_PRIVATE_EXTERN = YES;
				GCC_WARN_64_TO_32_BIT_CONVERSION = YES;
				GCC_WARN_ABOUT_RETURN_TYPE = YES;
				GCC_WARN_CHECK_SWITCH_STATEMENTS = YES;
				GCC_WARN_MISSING_PARENTHESES = YES;
				GCC_WARN_NON_VIRTUAL_DESTRUCTOR = YES;
				GCC_WARN_TYPECHECK_CALLS_TO_PRINTF = YES;
				GCC_WARN_UNDECLARED_SELECTOR = YES;
				GCC_WARN_UNINITIALIZED_AUTOS = YES;
				GCC_WARN_UNUSED_FUNCTION = YES;
				GCC_WARN_UNUSED_VARIABLE = YES;
				PRODUCT_NAME = "projucer-app";
				SDKROOT = macosx;
				WARNING_CFLAGS = "-Wreorder";
				ZERO_LINK = NO;
			};
			name = Release;
		};
		D38C17DF0D7F66D114757ABE /* Release */ = {
			isa = XCBuildConfiguration;
			buildSettings = {
				CLANG_CXX_LANGUAGE_STANDARD = "c++17";
				CLANG_CXX_LIBRARY = "libc++";
				CLANG_LINK_OBJC_RUNTIME = NO;
				COMBINE_HIDPI_IMAGES = YES;
				CONFIGURATION_BUILD_DIR = "$(PROJECT_DIR)/build/$(CONFIGURATION)";
				DEAD_CODE_STRIPPING = YES;
				EXCLUDED_ARCHS = "";
				GCC_GENERATE_DEBUGGING_SYMBOLS = NO;
				GCC_OPTIMIZATION_LEVEL = 3;
				GCC_PREPROCESSOR_DEFINITIONS = (
					"_NDEBUG=1",
					"NDEBUG=1",
					"JUCE_DISPLAY_SPLASH_SCREEN=1",
					"JUCE_USE_DARK_SPLASH_SCREEN=1",
					"JUCE_PROJUCER_VERSION=0x70007",
					"JUCE_MODULE_AVAILABLE_juce_audio_basics=1",
					"JUCE_MODULE_AVAILABLE_juce_audio_devices=1",
					"JUCE_MODULE_AVAILABLE_juce_audio_formats=1",
					"JUCE_MODULE_AVAILABLE_juce_audio_processors=1",
					"JUCE_MODULE_AVAILABLE_juce_audio_utils=1",
					"JUCE_MODULE_AVAILABLE_juce_core=1",
					"JUCE_MODULE_AVAILABLE_juce_data_structures=1",
					"JUCE_MODULE_AVAILABLE_juce_events=1",
					"JUCE_MODULE_AVAILABLE_juce_graphics=1",
					"JUCE_MODULE_AVAILABLE_juce_gui_basics=1",
					"JUCE_MODULE_AVAILABLE_juce_gui_extra=1",
					"JUCE_GLOBAL_MODULE_SETTINGS_INCLUDED=1",
					"JUCE_STRICT_REFCOUNTEDPOINTER=1",
					"JUCE_STANDALONE_APPLICATION=1",
					"JUCER_XCODE_MAC_F6D2F4CF=1",
					"JUCE_APP_VERSION=1.0.0",
					"JUCE_APP_VERSION_HEX=0x10000",
					"JucePlugin_Build_VST=0",
					"JucePlugin_Build_VST3=0",
					"JucePlugin_Build_AU=0",
					"JucePlugin_Build_AUv3=0",
					"JucePlugin_Build_AAX=0",
					"JucePlugin_Build_Standalone=0",
					"JucePlugin_Build_Unity=0",
					"JucePlugin_Build_LV2=0",
				);
				GCC_VERSION = com.apple.compilers.llvm.clang.1_0;
				HEADER_SEARCH_PATHS = (
					"$(SRCROOT)/../../JuceLibraryCode",
					"/Applications/JUCE/modules",
					"$(inherited)",
				);
				INFOPLIST_FILE = Info-App.plist;
				INFOPLIST_PREPROCESS = NO;
				INSTALL_PATH = "$(HOME)/Applications";
				LLVM_LTO = YES;
				MACOSX_DEPLOYMENT_TARGET = 10.13;
				MTL_HEADER_SEARCH_PATHS = "$(SRCROOT)/../../JuceLibraryCode /Applications/JUCE/modules";
				OTHER_LDFLAGS = "-weak_framework Metal -weak_framework MetalKit";
				PRODUCT_BUNDLE_IDENTIFIER = com.yourcompany.projucerapp;
				PRODUCT_NAME = "projucer-app";
				USE_HEADERMAP = NO;
				VALID_ARCHS = "i386 x86_64 arm64 arm64e";
			};
			name = Release;
		};
/* End XCBuildConfiguration section */

/* Begin XCConfigurationList section */
		A92FAA894F9ED6408EB8CCA9 = {
			isa = XCConfigurationList;
			buildConfigurations = (
				73CE49FEDA802370D1BB836D,
				9F4BDFECD83CA89D965C8ACD,
			);
			defaultConfigurationIsVisible = 0;
			defaultConfigurationName = Debug;
		};
		AFCCDF42F5AE930CF740CB68 = {
			isa = XCConfigurationList;
			buildConfigurations = (
				577770F17E1E6AF3E64EB669,
				D38C17DF0D7F66D114757ABE,
			);
			defaultConfigurationIsVisible = 0;
			defaultConfigurationName = Debug;
		};
/* End XCConfigurationList section */
	};
	rootObject = 67702AE1C79331AE8ACC3BA1 /* Project object */;
}
